github.com/stuarthua/hugo-theme-puff v0.0.0-20251018071156-1edeedf17295 h1:HXPfimVc/OBOfGoZeTkyNNFW6aiDbS1zZ3t0LIJqdwU=
github.com/stuarthua/hugo-theme-puff v0.0.0-20251018071156-1edeedf17295/go.mod h1:IZojUqFTEsmAxJyVWVtxSpg+8qGV8gbIu+7nK/nj2Mk=
github.com/stuarthua/hugo-theme-puff v0.0.0-20251018123504-838ac42c78b3 h1:FOnoyZnN4Ei9qXM0qubyrw3J0Oq0V7UbsXKc98Oqpi4=
github.com/stuarthua/hugo-theme-puff v0.0.0-20251018123504-838ac42c78b3/go.mod h1:IZojUqFTEsmAxJyVWVtxSpg+8qGV8gbIu+7nK/nj2Mk=
github.com/stuarthua/hugo-theme-puff v0.0.0-20251018130024-bc371ae41649 h1:+VTx51oE26MO8zYqCzGi8A0nXfMV3eD7DNti4mKCQEs=
github.com/stuarthua/hugo-theme-puff v0.0.0-20251018130024-bc371ae41649/go.mod h1:IZojUqFTEsmAxJyVWVtxSpg+8qGV8gbIu+7nK/nj2Mk=
github.com/stuarthua/hugo-theme-puff v0.0.0-20251018132044-624921da3992 h1:ucTs2Dg58SOefVimHosk6XecnGbFMjHFvNzGxAlYAVY=
github.com/stuarthua/hugo-theme-puff v0.0.0-20251018132044-624921da3992/go.mod h1:IZojUqFTEsmAxJyVWVtxSpg+8qGV8gbIu+7nK/nj2Mk=
github.com/stuarthua/hugo-theme-puff v0.0.0-20251018133835-9969e265bf49 h1:y2V4hShK3Vu9/BC/bcClHtakSA7JUUmEtmy+qVMsPcg=
github.com/stuarthua/hugo-theme-puff v0.0.0-20251018133835-9969e265bf49/go.mod h1:IZojUqFTEsmAxJyVWVtxSpg+8qGV8gbIu+7nK/nj2Mk=
github.com/stuarthua/hugo-theme-puff v0.0.0-20251018135640-e2300ad83a80 h1:FgLq3evgXc1nRat49vfMmVvckGMqV/Y+2Ip7UDQjPvg=
github.com/stuarthua/hugo-theme-puff v0.0.0-20251018135640-e2300ad83a80/go.mod h1:IZojUqFTEsmAxJyVWVtxSpg+8qGV8gbIu+7nK/nj2Mk=
